
Microsoft Visual Studio Solution File, Format Version 12.00
# Visual Studio Version 17
VisualStudioVersion = 17.9.34714.143
MinimumVisualStudioVersion = 10.0.40219.1
Project("{FAE04EC0-301F-11D3-BF4B-00C04F79EFBC}") = "TestHashSHA256", "TestHashSHA256\TestHashSHA256.csproj", "{327E29DD-6FB5-473C-A6A1-0809A6E608DD}"
EndProject
Global
	GlobalSection(SolutionConfigurationPlatforms) = preSolution
		Debug|Any CPU = Debug|Any CPU
		Release|Any CPU = Release|Any CPU
	EndGlobalSection
	GlobalSection(ProjectConfigurationPlatforms) = postSolution
		{327E29DD-6FB5-473C-A6A1-0809A6E608DD}.Debug|Any CPU.ActiveCfg = Debug|Any CPU
		{327E29DD-6FB5-473C-A6A1-0809A6E608DD}.Debug|Any CPU.Build.0 = Debug|Any CPU
		{327E29DD-6FB5-473C-A6A1-0809A6E608DD}.Release|Any CPU.ActiveCfg = Release|Any CPU
		{327E29DD-6FB5-473C-A6A1-0809A6E608DD}.Release|Any CPU.Build.0 = Release|Any CPU
	EndGlobalSection
	GlobalSection(SolutionProperties) = preSolution
		HideSolutionNode = FALSE
	EndGlobalSection
	GlobalSection(ExtensibilityGlobals) = postSolution
		SolutionGuid = {383488DD-3628-4BEB-9E6C-50C088F8811C}
	EndGlobalSection
EndGlobal
