
Microsoft Visual Studio Solution File, Format Version 12.00
# Visual Studio Version 17
VisualStudioVersion = 17.9.34714.143
MinimumVisualStudioVersion = 10.0.40219.1
Project("{E24C65DC-7377-472B-9ABA-BC803B73C61A}") = "ejemplo2", "ejemplo2\", "{E4C7D2B5-E1AA-410C-AE62-81789654D36E}"
	ProjectSection(WebsiteProperties) = preProject
		TargetFrameworkMoniker = ".NETFramework,Version%3Dv4.8"
		Debug.AspNetCompiler.VirtualPath = "/localhost_63909"
		Debug.AspNetCompiler.PhysicalPath = "ejemplo2\"
		Debug.AspNetCompiler.TargetPath = "PrecompiledWeb\localhost_63909\"
		Debug.AspNetCompiler.Updateable = "true"
		Debug.AspNetCompiler.ForceOverwrite = "true"
		Debug.AspNetCompiler.FixedNames = "false"
		Debug.AspNetCompiler.Debug = "True"
		Release.AspNetCompiler.VirtualPath = "/localhost_63909"
		Release.AspNetCompiler.PhysicalPath = "ejemplo2\"
		Release.AspNetCompiler.TargetPath = "PrecompiledWeb\localhost_63909\"
		Release.AspNetCompiler.Updateable = "true"
		Release.AspNetCompiler.ForceOverwrite = "true"
		Release.AspNetCompiler.FixedNames = "false"
		Release.AspNetCompiler.Debug = "False"
		VWDPort = "63909"
		SlnRelativePath = "ejemplo2\"
		DefaultWebSiteLanguage = "Visual C#"
	EndProjectSection
EndProject
Global
	GlobalSection(SolutionConfigurationPlatforms) = preSolution
		Debug|Any CPU = Debug|Any CPU
	EndGlobalSection
	GlobalSection(ProjectConfigurationPlatforms) = postSolution
		{E4C7D2B5-E1AA-410C-AE62-81789654D36E}.Debug|Any CPU.ActiveCfg = Debug|Any CPU
		{E4C7D2B5-E1AA-410C-AE62-81789654D36E}.Debug|Any CPU.Build.0 = Debug|Any CPU
	EndGlobalSection
	GlobalSection(SolutionProperties) = preSolution
		HideSolutionNode = FALSE
	EndGlobalSection
	GlobalSection(ExtensibilityGlobals) = postSolution
		SolutionGuid = {61F3810E-C08A-4908-86EA-24CAC9403920}
	EndGlobalSection
EndGlobal
